{
  "name": "minerva",
  "version": "1.0.0",
  "lockfileVersion": 1,
  "requires": true,
  "dependencies": {
    "@cronvel/get-pixels": {
      "version": "3.4.0",
      "resolved": "https://registry.npmjs.org/@cronvel/get-pixels/-/get-pixels-3.4.0.tgz",
      "integrity": "sha512-do5jDoX9oCR/dGHE4POVQ3PYDCmQ2Fow4CA72UL4WoE8zUImA/0lChczjfl+ucNjE4sXFWUnzoO6j4WzrUvLnw==",
      "requires": {
        "jpeg-js": "^0.4.1",
        "ndarray": "^1.0.19",
        "ndarray-pack": "^1.1.1",
        "node-bitmap": "0.0.1",
        "omggif": "^1.0.10",
        "pngjs": "^5.0.0"
      }
    },
    "abort-controller": {
      "version": "3.0.0",
      "resolved": "https://registry.npmjs.org/abort-controller/-/abort-controller-3.0.0.tgz",
      "integrity": "sha512-h8lQ8tacZYnR3vNQTgibj+tODHI5/+l06Au2Pcriv/Gmet0eaj4TwWH41sO9wnHDiQsEj19q0drzdWdeAHtweg==",
      "requires": {
        "event-target-shim": "^5.0.0"
      }
    },
    "abstract-leveldown": {
      "version": "6.2.3",
      "resolved": "https://registry.npmjs.org/abstract-leveldown/-/abstract-leveldown-6.2.3.tgz",
      "integrity": "sha512-BsLm5vFMRUrrLeCcRc+G0t2qOaTzpoJQLOubq2XM72eNpjF5UdU5o/5NvlNhx95XHcAvcl8OMXr4mlg/fRgUXQ==",
      "requires": {
        "buffer": "^5.5.0",
        "immediate": "^3.2.3",
        "level-concat-iterator": "~2.0.0",
        "level-supports": "~1.0.0",
        "xtend": "~4.0.0"
      }
    },
    "ansi-regex": {
      "version": "4.1.0",
      "resolved": "https://registry.npmjs.org/ansi-regex/-/ansi-regex-4.1.0.tgz",
      "integrity": "sha512-1apePfXM1UOSqw0o9IiFAovVz9M5S1Dg+4TrDwfMewQ6p/rmMueb7tWZjQ1rx4Loy1ArBggoqGpfqqdI4rondg=="
    },
    "argsarray": {
      "version": "0.0.1",
      "resolved": "https://registry.npmjs.org/argsarray/-/argsarray-0.0.1.tgz",
      "integrity": "sha1-bnIHtOzbObCviDA/pa4ivajfYcs="
    },
    "base64-js": {
      "version": "1.3.1",
      "resolved": "https://registry.npmjs.org/base64-js/-/base64-js-1.3.1.tgz",
      "integrity": "sha512-mLQ4i2QO1ytvGWFWmcngKO//JXAQueZvwEKtjgQFM4jIK0kU+ytMfplL8j+n5mspOfjHwoAg+9yhb7BwAHm36g=="
    },
    "buffer": {
      "version": "5.6.0",
      "resolved": "https://registry.npmjs.org/buffer/-/buffer-5.6.0.tgz",
      "integrity": "sha512-/gDYp/UtU0eA1ys8bOs9J6a+E/KWIY+DZ+Q2WESNUA0jFRsJOc0SNUO6xJ5SGA1xueg3NL65W6s+NY5l9cunuw==",
      "requires": {
        "base64-js": "^1.0.2",
        "ieee754": "^1.1.4"
      }
    },
    "buffer-from": {
      "version": "1.1.1",
      "resolved": "https://registry.npmjs.org/buffer-from/-/buffer-from-1.1.1.tgz",
      "integrity": "sha512-MQcXEUbCKtEo7bhqEs6560Hyd4XaovZlO/k9V3hjVUF/zwW7KBVdSK4gIt/bzwS9MbR5qob+F5jusZsb0YQK2A=="
    },
    "chroma-js": {
      "version": "2.1.0",
      "resolved": "https://registry.npmjs.org/chroma-js/-/chroma-js-2.1.0.tgz",
      "integrity": "sha512-uiRdh4ZZy+UTPSrAdp8hqEdVb1EllLtTHOt5TMaOjJUvi+O54/83Fc5K2ld1P+TJX+dw5B+8/sCgzI6eaur/lg==",
      "requires": {
        "cross-env": "^6.0.3"
      }
    },
    "clone-buffer": {
      "version": "1.0.0",
      "resolved": "https://registry.npmjs.org/clone-buffer/-/clone-buffer-1.0.0.tgz",
      "integrity": "sha1-4+JbIHrE5wGvch4staFnksrD3Fg="
    },
    "core-util-is": {
      "version": "1.0.2",
      "resolved": "https://registry.npmjs.org/core-util-is/-/core-util-is-1.0.2.tgz",
      "integrity": "sha1-tf1UIgqivFq1eqtxQMlAdUUDwac="
    },
    "cross-env": {
      "version": "6.0.3",
      "resolved": "https://registry.npmjs.org/cross-env/-/cross-env-6.0.3.tgz",
      "integrity": "sha512-+KqxF6LCvfhWvADcDPqo64yVIB31gv/jQulX2NGzKS/g3GEVz6/pt4wjHFtFWsHMddebWD/sDthJemzM4MaAag==",
      "requires": {
        "cross-spawn": "^7.0.0"
      }
    },
    "cross-spawn": {
      "version": "7.0.3",
      "resolved": "https://registry.npmjs.org/cross-spawn/-/cross-spawn-7.0.3.tgz",
      "integrity": "sha512-iRDPJKUPVEND7dHPO8rkbOnPpyDygcDFtWjpeWNCgy8WP2rXcxXL8TskReQl6OrB2G7+UJrags1q15Fudc7G6w==",
      "requires": {
        "path-key": "^3.1.0",
        "shebang-command": "^2.0.0",
        "which": "^2.0.1"
      }
    },
    "cwise-compiler": {
      "version": "1.1.3",
      "resolved": "https://registry.npmjs.org/cwise-compiler/-/cwise-compiler-1.1.3.tgz",
      "integrity": "sha1-9NZnQQ6FDToxOn0tt7HlBbsDTMU=",
      "requires": {
        "uniq": "^1.0.0"
      }
    },
    "deferred-leveldown": {
      "version": "5.3.0",
      "resolved": "https://registry.npmjs.org/deferred-leveldown/-/deferred-leveldown-5.3.0.tgz",
      "integrity": "sha512-a59VOT+oDy7vtAbLRCZwWgxu2BaCfd5Hk7wxJd48ei7I+nsg8Orlb9CLG0PMZienk9BSUKgeAqkO2+Lw+1+Ukw==",
      "requires": {
        "abstract-leveldown": "~6.2.1",
        "inherits": "^2.0.3"
      }
    },
    "double-ended-queue": {
      "version": "2.1.0-0",
      "resolved": "https://registry.npmjs.org/double-ended-queue/-/double-ended-queue-2.1.0-0.tgz",
      "integrity": "sha1-ED01J/0xUo9AGIEwyEHv3XgmTlw="
    },
    "encoding-down": {
      "version": "6.3.0",
      "resolved": "https://registry.npmjs.org/encoding-down/-/encoding-down-6.3.0.tgz",
      "integrity": "sha512-QKrV0iKR6MZVJV08QY0wp1e7vF6QbhnbQhb07bwpEyuz4uZiZgPlEGdkCROuFkUwdxlFaiPIhjyarH1ee/3vhw==",
      "requires": {
        "abstract-leveldown": "^6.2.1",
        "inherits": "^2.0.3",
        "level-codec": "^9.0.0",
        "level-errors": "^2.0.0"
      }
    },
    "end-stream": {
      "version": "0.1.0",
      "resolved": "https://registry.npmjs.org/end-stream/-/end-stream-0.1.0.tgz",
      "integrity": "sha1-MgA/P0OKKwFDFoE3+PpumGbIHtU=",
      "requires": {
        "write-stream": "~0.4.3"
      }
    },
    "errno": {
      "version": "0.1.7",
      "resolved": "https://registry.npmjs.org/errno/-/errno-0.1.7.tgz",
      "integrity": "sha512-MfrRBDWzIWifgq6tJj60gkAwtLNb6sQPlcFrSOflcP1aFmmruKQ2wRnze/8V6kgyz7H3FF8Npzv78mZ7XLLflg==",
      "requires": {
        "prr": "~1.0.1"
      }
    },
    "esm": {
      "version": "3.2.25",
      "resolved": "https://registry.npmjs.org/esm/-/esm-3.2.25.tgz",
      "integrity": "sha512-U1suiZ2oDVWv4zPO56S0NcR5QriEahGtdN2OR6FiOG4WJvcjBVFB0qI4+eKoWFH483PKGuLuu6V8Z4T5g63UVA=="
    },
    "event-target-shim": {
      "version": "5.0.1",
      "resolved": "https://registry.npmjs.org/event-target-shim/-/event-target-shim-5.0.1.tgz",
      "integrity": "sha512-i/2XbnSz/uxRCU6+NdVJgKWDTM427+MqYbkQzD321DuCQJUqOuJKIA0IM2+W2xtYHdKOmZ4dR6fExsd4SXL+WQ=="
    },
    "fetch-cookie": {
      "version": "0.10.1",
      "resolved": "https://registry.npmjs.org/fetch-cookie/-/fetch-cookie-0.10.1.tgz",
      "integrity": "sha512-beB+VEd4cNeVG1PY+ee74+PkuCQnik78pgLi5Ah/7qdUfov8IctU0vLUbBT8/10Ma5GMBeI4wtxhGrEfKNYs2g==",
      "requires": {
        "tough-cookie": "^2.3.3 || ^3.0.1 || ^4.0.0"
      }
    },
    "ieee754": {
      "version": "1.1.13",
      "resolved": "https://registry.npmjs.org/ieee754/-/ieee754-1.1.13.tgz",
      "integrity": "sha512-4vf7I2LYV/HaWerSo3XmlMkp5eZ83i+/CDluXi/IGTs/O1sejBNhTtnxzmRZfvOUqj7lZjqHkeTvpgSFDlWZTg=="
    },
    "immediate": {
      "version": "3.3.0",
      "resolved": "https://registry.npmjs.org/immediate/-/immediate-3.3.0.tgz",
      "integrity": "sha512-HR7EVodfFUdQCTIeySw+WDRFJlPcLOJbXfwwZ7Oom6tjsvZ3bOkCDJHehQC3nxJrv7+f9XecwazynjU8e4Vw3Q=="
    },
    "inherits": {
      "version": "2.0.4",
      "resolved": "https://registry.npmjs.org/inherits/-/inherits-2.0.4.tgz",
      "integrity": "sha512-k/vGaX4/Yla3WzyMCvTQOXYeIHvqOKtnqBduzTHpzpQZzAskKMhZ2K+EnBiSM9zGSoIFeMpXKxa4dYeZIQqewQ=="
    },
    "iota-array": {
      "version": "1.0.0",
      "resolved": "https://registry.npmjs.org/iota-array/-/iota-array-1.0.0.tgz",
      "integrity": "sha1-ge9X/l0FgUzVjCSDYyqZwwoOgIc="
    },
    "is-buffer": {
      "version": "1.1.6",
      "resolved": "https://registry.npmjs.org/is-buffer/-/is-buffer-1.1.6.tgz",
      "integrity": "sha512-NcdALwpXkTm5Zvvbk7owOUSvVvBKDgKP5/ewfXEznmQFfs4ZRmanOeKBTjRVjka3QFoN6XJ+9F3USqfHqTaU5w=="
    },
    "isarray": {
      "version": "0.0.1",
      "resolved": "https://registry.npmjs.org/isarray/-/isarray-0.0.1.tgz",
      "integrity": "sha1-ihis/Kmo9Bd+Cav8YDiTmwXR7t8="
    },
    "isexe": {
      "version": "2.0.0",
      "resolved": "https://registry.npmjs.org/isexe/-/isexe-2.0.0.tgz",
      "integrity": "sha1-6PvzdNxVb/iUehDcsFctYz8s+hA="
    },
    "jpeg-js": {
      "version": "0.4.2",
      "resolved": "https://registry.npmjs.org/jpeg-js/-/jpeg-js-0.4.2.tgz",
      "integrity": "sha512-+az2gi/hvex7eLTMTlbRLOhH6P6WFdk2ITI8HJsaH2VqYO0I594zXSYEP+tf4FW+8Cy68ScDXoAsQdyQanv3sw=="
    },
    "lazyness": {
      "version": "1.2.0",
      "resolved": "https://registry.npmjs.org/lazyness/-/lazyness-1.2.0.tgz",
      "integrity": "sha512-KenL6EFbwxBwRxG93t0gcUyi0Nw0Ub31FJKN1laA4UscdkL1K1AxUd0gYZdcLU3v+x+wcFi4uQKS5hL+fk500g=="
    },
    "level": {
      "version": "6.0.1",
      "resolved": "https://registry.npmjs.org/level/-/level-6.0.1.tgz",
      "integrity": "sha512-psRSqJZCsC/irNhfHzrVZbmPYXDcEYhA5TVNwr+V92jF44rbf86hqGp8fiT702FyiArScYIlPSBTDUASCVNSpw==",
      "requires": {
        "level-js": "^5.0.0",
        "level-packager": "^5.1.0",
        "leveldown": "^5.4.0"
      }
    },
    "level-codec": {
      "version": "9.0.2",
      "resolved": "https://registry.npmjs.org/level-codec/-/level-codec-9.0.2.tgz",
      "integrity": "sha512-UyIwNb1lJBChJnGfjmO0OR+ezh2iVu1Kas3nvBS/BzGnx79dv6g7unpKIDNPMhfdTEGoc7mC8uAu51XEtX+FHQ==",
      "requires": {
        "buffer": "^5.6.0"
      }
    },
    "level-concat-iterator": {
      "version": "2.0.1",
      "resolved": "https://registry.npmjs.org/level-concat-iterator/-/level-concat-iterator-2.0.1.tgz",
      "integrity": "sha512-OTKKOqeav2QWcERMJR7IS9CUo1sHnke2C0gkSmcR7QuEtFNLLzHQAvnMw8ykvEcv0Qtkg0p7FOwP1v9e5Smdcw=="
    },
    "level-errors": {
      "version": "2.0.1",
      "resolved": "https://registry.npmjs.org/level-errors/-/level-errors-2.0.1.tgz",
      "integrity": "sha512-UVprBJXite4gPS+3VznfgDSU8PTRuVX0NXwoWW50KLxd2yw4Y1t2JUR5In1itQnudZqRMT9DlAM3Q//9NCjCFw==",
      "requires": {
        "errno": "~0.1.1"
      }
    },
    "level-iterator-stream": {
      "version": "4.0.2",
      "resolved": "https://registry.npmjs.org/level-iterator-stream/-/level-iterator-stream-4.0.2.tgz",
      "integrity": "sha512-ZSthfEqzGSOMWoUGhTXdX9jv26d32XJuHz/5YnuHZzH6wldfWMOVwI9TBtKcya4BKTyTt3XVA0A3cF3q5CY30Q==",
      "requires": {
        "inherits": "^2.0.4",
        "readable-stream": "^3.4.0",
        "xtend": "^4.0.2"
      },
      "dependencies": {
        "readable-stream": {
          "version": "3.6.0",
          "resolved": "https://registry.npmjs.org/readable-stream/-/readable-stream-3.6.0.tgz",
          "integrity": "sha512-BViHy7LKeTz4oNnkcLJ+lVSL6vpiFeX6/d3oSH8zCW7UxP2onchk+vTGB143xuFjHS3deTgkKoXXymXqymiIdA==",
          "requires": {
            "inherits": "^2.0.3",
            "string_decoder": "^1.1.1",
            "util-deprecate": "^1.0.1"
          }
        }
      }
    },
    "level-js": {
      "version": "5.0.2",
      "resolved": "https://registry.npmjs.org/level-js/-/level-js-5.0.2.tgz",
      "integrity": "sha512-SnBIDo2pdO5VXh02ZmtAyPP6/+6YTJg2ibLtl9C34pWvmtMEmRTWpra+qO/hifkUtBTOtfx6S9vLDjBsBK4gRg==",
      "requires": {
        "abstract-leveldown": "~6.2.3",
        "buffer": "^5.5.0",
        "inherits": "^2.0.3",
        "ltgt": "^2.1.2"
      }
    },
    "level-packager": {
      "version": "5.1.1",
      "resolved": "https://registry.npmjs.org/level-packager/-/level-packager-5.1.1.tgz",
      "integrity": "sha512-HMwMaQPlTC1IlcwT3+swhqf/NUO+ZhXVz6TY1zZIIZlIR0YSn8GtAAWmIvKjNY16ZkEg/JcpAuQskxsXqC0yOQ==",
      "requires": {
        "encoding-down": "^6.3.0",
        "levelup": "^4.3.2"
      }
    },
    "level-supports": {
      "version": "1.0.1",
      "resolved": "https://registry.npmjs.org/level-supports/-/level-supports-1.0.1.tgz",
      "integrity": "sha512-rXM7GYnW8gsl1vedTJIbzOrRv85c/2uCMpiiCzO2fndd06U/kUXEEU9evYn4zFggBOg36IsBW8LzqIpETwwQzg==",
      "requires": {
        "xtend": "^4.0.2"
      }
    },
    "level-write-stream": {
      "version": "1.0.0",
      "resolved": "https://registry.npmjs.org/level-write-stream/-/level-write-stream-1.0.0.tgz",
      "integrity": "sha1-P3+7Z5pVE3wP6zA97nZuEu4Twdw=",
      "requires": {
        "end-stream": "~0.1.0"
      }
    },
    "leveldown": {
      "version": "5.6.0",
      "resolved": "https://registry.npmjs.org/leveldown/-/leveldown-5.6.0.tgz",
      "integrity": "sha512-iB8O/7Db9lPaITU1aA2txU/cBEXAt4vWwKQRrrWuS6XDgbP4QZGj9BL2aNbwb002atoQ/lIotJkfyzz+ygQnUQ==",
      "requires": {
        "abstract-leveldown": "~6.2.1",
        "napi-macros": "~2.0.0",
        "node-gyp-build": "~4.1.0"
      }
    },
    "levelup": {
      "version": "4.4.0",
      "resolved": "https://registry.npmjs.org/levelup/-/levelup-4.4.0.tgz",
      "integrity": "sha512-94++VFO3qN95cM/d6eBXvd894oJE0w3cInq9USsyQzzoJxmiYzPAocNcuGCPGGjoXqDVJcr3C1jzt1TSjyaiLQ==",
      "requires": {
        "deferred-leveldown": "~5.3.0",
        "level-errors": "~2.0.0",
        "level-iterator-stream": "~4.0.0",
        "level-supports": "~1.0.0",
        "xtend": "~4.0.0"
      }
    },
    "ltgt": {
      "version": "2.2.1",
      "resolved": "https://registry.npmjs.org/ltgt/-/ltgt-2.2.1.tgz",
      "integrity": "sha1-81ypHEk/e3PaDgdJUwTxezH4fuU="
    },
    "napi-macros": {
      "version": "2.0.0",
      "resolved": "https://registry.npmjs.org/napi-macros/-/napi-macros-2.0.0.tgz",
      "integrity": "sha512-A0xLykHtARfueITVDernsAWdtIMbOJgKgcluwENp3AlsKN/PloyO10HtmoqnFAQAcxPkgZN7wdfPfEd0zNGxbg=="
    },
    "ndarray": {
      "version": "1.0.19",
      "resolved": "https://registry.npmjs.org/ndarray/-/ndarray-1.0.19.tgz",
      "integrity": "sha512-B4JHA4vdyZU30ELBw3g7/p9bZupyew5a7tX1Y/gGeF2hafrPaQZhgrGQfsvgfYbgdFZjYwuEcnaobeM/WMW+HQ==",
      "requires": {
        "iota-array": "^1.0.0",
        "is-buffer": "^1.0.2"
      }
    },
    "ndarray-pack": {
      "version": "1.2.1",
      "resolved": "https://registry.npmjs.org/ndarray-pack/-/ndarray-pack-1.2.1.tgz",
      "integrity": "sha1-jK6+qqJNXs9w/4YCBjeXfajuWFo=",
      "requires": {
        "cwise-compiler": "^1.1.2",
        "ndarray": "^1.0.13"
      }
    },
    "nextgen-events": {
      "version": "1.3.0",
      "resolved": "https://registry.npmjs.org/nextgen-events/-/nextgen-events-1.3.0.tgz",
      "integrity": "sha512-eBz5mrO4Hw2eenPVm0AVPHuAzg/RZetAWMI547RH8O9+a0UYhCysiZ3KoNWslnWNlHetb9kzowEshsKsmFo2YQ=="
    },
    "node-bitmap": {
      "version": "0.0.1",
      "resolved": "https://registry.npmjs.org/node-bitmap/-/node-bitmap-0.0.1.tgz",
      "integrity": "sha1-GA6scAPgxwdhjvMTaPYvhLKmkJE="
    },
    "node-gyp-build": {
      "version": "4.1.1",
      "resolved": "https://registry.npmjs.org/node-gyp-build/-/node-gyp-build-4.1.1.tgz",
      "integrity": "sha512-dSq1xmcPDKPZ2EED2S6zw/b9NKsqzXRE6dVr8TVQnI3FJOTteUMuqF3Qqs6LZg+mLGYJWqQzMbIjMtJqTv87nQ=="
    },
    "omggif": {
      "version": "1.0.10",
      "resolved": "https://registry.npmjs.org/omggif/-/omggif-1.0.10.tgz",
      "integrity": "sha512-LMJTtvgc/nugXj0Vcrrs68Mn2D1r0zf630VNtqtpI1FEO7e+O9FP4gqs9AcnBaSEeoHIPm28u6qgPR0oyEpGSw=="
    },
    "path-key": {
      "version": "3.1.1",
      "resolved": "https://registry.npmjs.org/path-key/-/path-key-3.1.1.tgz",
      "integrity": "sha512-ojmeN0qd+y0jszEtoY48r0Peq5dwMEkIlCOu6Q5f41lfkswXuKtYrhgoTpLnyIcHm24Uhqx+5Tqm2InSwLhE6Q=="
    },
    "pngjs": {
      "version": "5.0.0",
      "resolved": "https://registry.npmjs.org/pngjs/-/pngjs-5.0.0.tgz",
      "integrity": "sha512-40QW5YalBNfQo5yRYmiw7Yz6TKKVr3h6970B2YE+3fQpsWcrbj1PzJgxeJ19DRQjhMbKPIuMY8rFaXc8moolVw=="
    },
    "pouchdb": {
      "version": "7.2.2",
      "resolved": "https://registry.npmjs.org/pouchdb/-/pouchdb-7.2.2.tgz",
      "integrity": "sha512-5gf5nw5XH/2H/DJj8b0YkvG9fhA/4Jt6kL0Y8QjtztVjb1y4J19Rg4rG+fUbXu96gsUrlyIvZ3XfM0b4mogGmw==",
      "requires": {
        "abort-controller": "3.0.0",
        "argsarray": "0.0.1",
        "buffer-from": "1.1.1",
        "clone-buffer": "1.0.0",
        "double-ended-queue": "2.1.0-0",
        "fetch-cookie": "0.10.1",
        "immediate": "3.3.0",
        "inherits": "2.0.4",
        "level": "6.0.1",
        "level-codec": "9.0.2",
        "level-write-stream": "1.0.0",
        "leveldown": "5.6.0",
        "levelup": "4.4.0",
        "ltgt": "2.2.1",
        "node-fetch": "2.6.0",
        "readable-stream": "1.1.14",
        "spark-md5": "3.0.1",
        "through2": "3.0.2",
        "uuid": "8.1.0",
        "vuvuzela": "1.0.3"
      },
      "dependencies": {
        "node-fetch": {
          "version": "2.6.0",
          "resolved": "https://registry.npmjs.org/node-fetch/-/node-fetch-2.6.0.tgz",
          "integrity": "sha512-8dG4H5ujfvFiqDmVu9fQ5bOHUC15JMjMY/Zumv26oOvvVJjM67KF8koCWIabKQ1GJIa9r2mMZscBq/TbdOcmNA=="
        }
      }
    },
    "prompt-sync": {
      "version": "4.2.0",
      "resolved": "https://registry.npmjs.org/prompt-sync/-/prompt-sync-4.2.0.tgz",
      "integrity": "sha512-BuEzzc5zptP5LsgV5MZETjDaKSWfchl5U9Luiu8SKp7iZWD5tZalOxvNcZRwv+d2phNFr8xlbxmFNcRKfJOzJw==",
      "requires": {
        "strip-ansi": "^5.0.0"
      }
    },
    "prr": {
      "version": "1.0.1",
      "resolved": "https://registry.npmjs.org/prr/-/prr-1.0.1.tgz",
      "integrity": "sha1-0/wRS6BplaRexok/SEzrHXj19HY="
    },
    "psl": {
      "version": "1.8.0",
      "resolved": "https://registry.npmjs.org/psl/-/psl-1.8.0.tgz",
      "integrity": "sha512-RIdOzyoavK+hA18OGGWDqUTsCLhtA7IcZ/6NCs4fFJaHBDab+pDDmDIByWFRQJq2Cd7r1OoQxBGKOaztq+hjIQ=="
    },
    "punycode": {
      "version": "2.1.1",
      "resolved": "https://registry.npmjs.org/punycode/-/punycode-2.1.1.tgz",
      "integrity": "sha512-XRsRjdf+j5ml+y/6GKHPZbrF/8p2Yga0JPtdqTIY2Xe5ohJPD9saDJJLPvp9+NSBprVvevdXZybnj2cv8OEd0A=="
    },
    "readable-stream": {
      "version": "1.1.14",
      "resolved": "https://registry.npmjs.org/readable-stream/-/readable-stream-1.1.14.tgz",
      "integrity": "sha1-fPTFTvZI44EwhMY23SB54WbAgdk=",
      "requires": {
        "core-util-is": "~1.0.0",
        "inherits": "~2.0.1",
        "isarray": "0.0.1",
        "string_decoder": "~0.10.x"
      },
      "dependencies": {
        "string_decoder": {
          "version": "0.10.31",
          "resolved": "https://registry.npmjs.org/string_decoder/-/string_decoder-0.10.31.tgz",
          "integrity": "sha1-YuIDvEF2bGwoyfyEMB2rHFMQ+pQ="
        }
      }
    },
    "safe-buffer": {
      "version": "5.2.1",
      "resolved": "https://registry.npmjs.org/safe-buffer/-/safe-buffer-5.2.1.tgz",
      "integrity": "sha512-rp3So07KcdmmKbGvgaNxQSJr7bGVSVk5S9Eq1F+ppbRo70+YeaDxkw5Dd8NPN+GD6bjnYm2VuPuCXmpuYvmCXQ=="
    },
    "setimmediate": {
      "version": "1.0.5",
      "resolved": "https://registry.npmjs.org/setimmediate/-/setimmediate-1.0.5.tgz",
      "integrity": "sha1-KQy7Iy4waULX1+qbg3Mqt4VvgoU="
    },
    "seventh": {
      "version": "0.7.35",
      "resolved": "https://registry.npmjs.org/seventh/-/seventh-0.7.35.tgz",
      "integrity": "sha512-8uGsybZk/XBSv7BvyjbSeK+R8vpWh2jkZJq0UIMVlJTr9CZsCLTfGWKtcBxmHzMUbzSPxa134prhvZA8GuIx/w==",
      "requires": {
        "setimmediate": "^1.0.5"
      }
    },
    "shebang-command": {
      "version": "2.0.0",
      "resolved": "https://registry.npmjs.org/shebang-command/-/shebang-command-2.0.0.tgz",
      "integrity": "sha512-kHxr2zZpYtdmrN1qDjrrX/Z1rR1kG8Dx+gkpK1G4eXmvXswmcE1hTWBWYUzlraYw1/yZp6YuDY77YtvbN0dmDA==",
      "requires": {
        "shebang-regex": "^3.0.0"
      }
    },
    "shebang-regex": {
      "version": "3.0.0",
      "resolved": "https://registry.npmjs.org/shebang-regex/-/shebang-regex-3.0.0.tgz",
      "integrity": "sha512-7++dFhtcx3353uBaq8DDR4NuxBetBzC7ZQOhmTQInHEd6bSrXdiEyzCvG07Z44UYdLShWUyXt5M/yhz8ekcb1A=="
    },
    "spark-md5": {
      "version": "3.0.1",
      "resolved": "https://registry.npmjs.org/spark-md5/-/spark-md5-3.0.1.tgz",
      "integrity": "sha512-0tF3AGSD1ppQeuffsLDIOWlKUd3lS92tFxcsrh5Pe3ZphhnoK+oXIBTzOAThZCiuINZLvpiLH/1VS1/ANEJVig=="
    },
    "string-kit": {
      "version": "0.11.8",
      "resolved": "https://registry.npmjs.org/string-kit/-/string-kit-0.11.8.tgz",
      "integrity": "sha512-lJyXXoptFpgOXL9cWZXtf45jxdbP5qYtaGZsmtFm4CZy9q6wwzvRzQcJiFeLx8I/0RpzBao9WCOGpbyfW2CMWA=="
    },
    "string_decoder": {
      "version": "1.3.0",
      "resolved": "https://registry.npmjs.org/string_decoder/-/string_decoder-1.3.0.tgz",
      "integrity": "sha512-hkRX8U1WjJFd8LsDJ2yQ/wWWxaopEsABU1XfkM8A+j0+85JAGppt16cr1Whg6KIbb4okU6Mql6BOj+uup/wKeA==",
      "requires": {
        "safe-buffer": "~5.2.0"
      }
    },
    "strip-ansi": {
      "version": "5.2.0",
      "resolved": "https://registry.npmjs.org/strip-ansi/-/strip-ansi-5.2.0.tgz",
      "integrity": "sha512-DuRs1gKbBqsMKIZlrffwlug8MHkcnpjs5VPmL1PAh+mA30U0DTotfDZ0d2UUsXpPmPmMMJ6W773MaA3J+lbiWA==",
      "requires": {
        "ansi-regex": "^4.1.0"
      }
    },
    "terminal-kit": {
      "version": "1.43.0",
      "resolved": "https://registry.npmjs.org/terminal-kit/-/terminal-kit-1.43.0.tgz",
      "integrity": "sha512-OuPvQzx6oxr3oE2Y78NgRy0TetmurGa/vshYV02Kd6XDWctHO/sHpjnLe3Jhi8FrUkL0XAZMGlxjLeDtRFL4wg==",
      "requires": {
        "@cronvel/get-pixels": "^3.4.0",
        "chroma-js": "^2.1.0",
        "lazyness": "^1.2.0",
        "ndarray": "^1.0.19",
        "nextgen-events": "^1.3.0",
        "seventh": "^0.7.35",
        "string-kit": "^0.11.8",
        "tree-kit": "^0.6.2"
      }
    },
    "through2": {
      "version": "3.0.2",
      "resolved": "https://registry.npmjs.org/through2/-/through2-3.0.2.tgz",
      "integrity": "sha512-enaDQ4MUyP2W6ZyT6EsMzqBPZaM/avg8iuo+l2d3QCs0J+6RaqkHV/2/lOwDTueBHeJ/2LG9lrLW3d5rWPucuQ==",
      "requires": {
        "inherits": "^2.0.4",
        "readable-stream": "2 || 3"
      },
      "dependencies": {
        "readable-stream": {
          "version": "3.6.0",
          "resolved": "https://registry.npmjs.org/readable-stream/-/readable-stream-3.6.0.tgz",
          "integrity": "sha512-BViHy7LKeTz4oNnkcLJ+lVSL6vpiFeX6/d3oSH8zCW7UxP2onchk+vTGB143xuFjHS3deTgkKoXXymXqymiIdA==",
          "requires": {
            "inherits": "^2.0.3",
            "string_decoder": "^1.1.1",
            "util-deprecate": "^1.0.1"
          }
        }
      }
    },
    "tough-cookie": {
      "version": "4.0.0",
      "resolved": "https://registry.npmjs.org/tough-cookie/-/tough-cookie-4.0.0.tgz",
      "integrity": "sha512-tHdtEpQCMrc1YLrMaqXXcj6AxhYi/xgit6mZu1+EDWUn+qhUf8wMQoFIy9NXuq23zAwtcB0t/MjACGR18pcRbg==",
      "requires": {
        "psl": "^1.1.33",
        "punycode": "^2.1.1",
        "universalify": "^0.1.2"
      }
    },
    "tree-kit": {
      "version": "0.6.2",
      "resolved": "https://registry.npmjs.org/tree-kit/-/tree-kit-0.6.2.tgz",
      "integrity": "sha512-95UzJA0EMbFfu5sGUUOoXixQMUGkwu82nGM4lmqLyQl+R4H3FK+lS0nT8TZJ5x7JhSHy+saVn7/AOqh6d+tmOg=="
    },
    "uniq": {
      "version": "1.0.1",
      "resolved": "https://registry.npmjs.org/uniq/-/uniq-1.0.1.tgz",
      "integrity": "sha1-sxxa6CVIRKOoKBVBzisEuGWnNP8="
    },
    "universalify": {
      "version": "0.1.2",
      "resolved": "https://registry.npmjs.org/universalify/-/universalify-0.1.2.tgz",
      "integrity": "sha512-rBJeI5CXAlmy1pV+617WB9J63U6XcazHHF2f2dbJix4XzpUF0RS3Zbj0FGIOCAva5P/d/GBOYaACQ1w+0azUkg=="
    },
    "util-deprecate": {
      "version": "1.0.2",
      "resolved": "https://registry.npmjs.org/util-deprecate/-/util-deprecate-1.0.2.tgz",
      "integrity": "sha1-RQ1Nyfpw3nMnYvvS1KKJgUGaDM8="
    },
    "uuid": {
      "version": "8.1.0",
      "resolved": "https://registry.npmjs.org/uuid/-/uuid-8.1.0.tgz",
      "integrity": "sha512-CI18flHDznR0lq54xBycOVmphdCYnQLKn8abKn7PXUiKUGdEd+/l9LWNJmugXel4hXq7S+RMNl34ecyC9TntWg=="
    },
    "vuvuzela": {
      "version": "1.0.3",
      "resolved": "https://registry.npmjs.org/vuvuzela/-/vuvuzela-1.0.3.tgz",
      "integrity": "sha1-O+FF5YJxxzylUnndhR8SpoIRSws="
    },
    "which": {
      "version": "2.0.2",
      "resolved": "https://registry.npmjs.org/which/-/which-2.0.2.tgz",
      "integrity": "sha512-BLI3Tl1TW3Pvl70l3yq3Y64i+awpwXqsGBYWkkqMtnbXgrMD+yj7rhW0kuEDxzJaYXGjEW5ogapKNMEKNMjibA==",
      "requires": {
        "isexe": "^2.0.0"
      }
    },
    "write-stream": {
      "version": "0.4.3",
      "resolved": "https://registry.npmjs.org/write-stream/-/write-stream-0.4.3.tgz",
      "integrity": "sha1-g8yMA0fQr2BXqThitOOuAd5cgcE=",
      "requires": {
        "readable-stream": "~0.0.2"
      },
      "dependencies": {
        "readable-stream": {
          "version": "0.0.4",
          "resolved": "https://registry.npmjs.org/readable-stream/-/readable-stream-0.0.4.tgz",
          "integrity": "sha1-8y124/uGM0SlSNeZIwBxc2ZbO40="
        }
      }
    },
    "xtend": {
      "version": "4.0.2",
      "resolved": "https://registry.npmjs.org/xtend/-/xtend-4.0.2.tgz",
      "integrity": "sha512-LKYU1iAXJXUgAXn9URjiu+MWhyUXHsvfp7mcuYm9dSUKK0/CjtrUwFAxD82/mCWbtLsGjFIad0wIsod4zrTAEQ=="
    }
  }
}
